
Microsoft Visual Studio Solution File, Format Version 12.00
# Visual Studio Express 15 for Windows Desktop
VisualStudioVersion = 15.0.28307.852
MinimumVisualStudioVersion = 10.0.40219.1
Project("{FAE04EC0-301F-11D3-BF4B-00C04F79EFBC}") = "ExcelReaderConsole", "ExcelReaderConsole\ExcelReaderConsole.csproj", "{5DB9890D-5B23-4E20-8C9F-2FD68286EA88}"
EndProject
Global
	GlobalSection(SolutionConfigurationPlatforms) = preSolution
		Debug|Any CPU = Debug|Any CPU
		Release|Any CPU = Release|Any CPU
	EndGlobalSection
	GlobalSection(ProjectConfigurationPlatforms) = postSolution
		{5DB9890D-5B23-4E20-8C9F-2FD68286EA88}.Debug|Any CPU.ActiveCfg = Debug|Any CPU
		{5DB9890D-5B23-4E20-8C9F-2FD68286EA88}.Debug|Any CPU.Build.0 = Debug|Any CPU
		{5DB9890D-5B23-4E20-8C9F-2FD68286EA88}.Release|Any CPU.ActiveCfg = Release|Any CPU
		{5DB9890D-5B23-4E20-8C9F-2FD68286EA88}.Release|Any CPU.Build.0 = Release|Any CPU
	EndGlobalSection
	GlobalSection(SolutionProperties) = preSolution
		HideSolutionNode = FALSE
	EndGlobalSection
	GlobalSection(ExtensibilityGlobals) = postSolution
		SolutionGuid = {DD065E50-C325-4FE8-8B68-6CB4003CDAFA}
	EndGlobalSection
EndGlobal
